
Microsoft Visual Studio Solution File, Format Version 12.00
# Visual Studio 2013
VisualStudioVersion = 12.0.31101.0
MinimumVisualStudioVersion = 10.0.40219.1
Project("{FAE04EC0-301F-11D3-BF4B-00C04F79EFBC}") = "VVGLookingWindow", "VVGLookingWindowForm\VVGLookingWindow.csproj", "{2DC6D8E3-DD81-429C-BD75-B8501B4466A1}"
EndProject
Global
	GlobalSection(SolutionConfigurationPlatforms) = preSolution
		Debug|Any CPU = Debug|Any CPU
		Release|Any CPU = Release|Any CPU
	EndGlobalSection
	GlobalSection(ProjectConfigurationPlatforms) = postSolution
		{2DC6D8E3-DD81-429C-BD75-B8501B4466A1}.Debug|Any CPU.ActiveCfg = Debug|Any CPU
		{2DC6D8E3-DD81-429C-BD75-B8501B4466A1}.Debug|Any CPU.Build.0 = Debug|Any CPU
		{2DC6D8E3-DD81-429C-BD75-B8501B4466A1}.Release|Any CPU.ActiveCfg = Release|Any CPU
		{2DC6D8E3-DD81-429C-BD75-B8501B4466A1}.Release|Any CPU.Build.0 = Release|Any CPU
	EndGlobalSection
	GlobalSection(SolutionProperties) = preSolution
		HideSolutionNode = FALSE
	EndGlobalSection
EndGlobal
